// !$*UTF8*$!
{
	archiveVersion = 1;
	classes = {
	};
	objectVersion = 46;
	objects = {

/* Begin PBXBuildFile section */
		A894994919FE620B00327F12 /* AppDelegate.swift in Sources */ = {isa = PBXBuildFile; fileRef = A894994819FE620B00327F12 /* AppDelegate.swift */; };
		A894994B19FE620B00327F12 /* ViewController.swift in Sources */ = {isa = PBXBuildFile; fileRef = A894994A19FE620B00327F12 /* ViewController.swift */; };
		A894994E19FE620B00327F12 /* Main.storyboard in Resources */ = {isa = PBXBuildFile; fileRef = A894994C19FE620B00327F12 /* Main.storyboard */; };
		A894995019FE620B00327F12 /* Images.xcassets in Resources */ = {isa = PBXBuildFile; fileRef = A894994F19FE620B00327F12 /* Images.xcassets */; };
		A894995319FE620B00327F12 /* LaunchScreen.xib in Resources */ = {isa = PBXBuildFile; fileRef = A894995119FE620B00327F12 /* LaunchScreen.xib */; };
		A894995F19FE620B00327F12 /* WebViewSwiftTests.swift in Sources */ = {isa = PBXBuildFile; fileRef = A894995E19FE620B00327F12 /* WebViewSwiftTests.swift */; };
/* End PBXBuildFile section */

/* Begin PBXContainerItemProxy section */
		A894995919FE620B00327F12 /* PBXContainerItemProxy */ = {
			isa = PBXContainerItemProxy;
			containerPortal = A894993B19FE620B00327F12 /* Project object */;
			proxyType = 1;
			remoteGlobalIDString = A894994219FE620B00327F12;
			remoteInfo = WebViewSwift;
		};
/* End PBXContainerItemProxy section */

/* Begin PBXFileReference section */
		A894994319FE620B00327F12 /* WebViewSwift.app */ = {isa = PBXFileReference; explicitFileType = wrapper.application; includeInIndex = 0; path = WebViewSwift.app; sourceTree = BUILT_PRODUCTS_DIR; };
		A894994719FE620B00327F12 /* Info.plist */ = {isa = PBXFileReference; lastKnownFileType = text.plist.xml; path = Info.plist; sourceTree = "<group>"; };
		A894994819FE620B00327F12 /* AppDelegate.swift */ = {isa = PBXFileReference; lastKnownFileType = sourcecode.swift; path = AppDelegate.swift; sourceTree = "<group>"; };
		A894994A19FE620B00327F12 /* ViewController.swift */ = {isa = PBXFileReference; lastKnownFileType = sourcecode.swift; path = ViewController.swift; sourceTree = "<group>"; };
		A894994D19FE620B00327F12 /* Base */ = {isa = PBXFileReference; lastKnownFileType = file.storyboard; name = Base; path = Base.lproj/Main.storyboard; sourceTree = "<group>"; };
		A894994F19FE620B00327F12 /* Images.xcassets */ = {isa = PBXFileReference; lastKnownFileType = folder.assetcatalog; path = Images.xcassets; sourceTree = "<group>"; };
		A894995219FE620B00327F12 /* Base */ = {isa = PBXFileReference; lastKnownFileType = file.xib; name = Base; path = Base.lproj/LaunchScreen.xib; sourceTree = "<group>"; };
		A894995819FE620B00327F12 /* WebViewSwiftTests.xctest */ = {isa = PBXFileReference; explicitFileType = wrapper.cfbundle; includeInIndex = 0; path = WebViewSwiftTests.xctest; sourceTree = BUILT_PRODUCTS_DIR; };
		A894995D19FE620B00327F12 /* Info.plist */ = {isa = PBXFileReference; lastKnownFileType = text.plist.xml; path = Info.plist; sourceTree = "<group>"; };
		A894995E19FE620B00327F12 /* WebViewSwiftTests.swift */ = {isa = PBXFileReference; lastKnownFileType = sourcecode.swift; path = WebViewSwiftTests.swift; sourceTree = "<group>"; };
/* End PBXFileReference section */

/* Begin PBXFrameworksBuildPhase section */
		A894994019FE620B00327F12 /* Frameworks */ = {
			isa = PBXFrameworksBuildPhase;
			buildActionMask = 2147483647;
			files = (
			);
			runOnlyForDeploymentPostprocessing = 0;
		};
		A894995519FE620B00327F12 /* Frameworks */ = {
			isa = PBXFrameworksBuildPhase;
			buildActionMask = 2147483647;
			files = (
			);
			runOnlyForDeploymentPostprocessing = 0;
		};
/* End PBXFrameworksBuildPhase section */

/* Begin PBXGroup section */
		A894993A19FE620B00327F12 = {
			isa = PBXGroup;
			children = (
				A894994519FE620B00327F12 /* WebViewSwift */,
				A894995B19FE620B00327F12 /* WebViewSwiftTests */,
				A894994419FE620B00327F12 /* Products */,
			);
			sourceTree = "<group>";
		};
		A894994419FE620B00327F12 /* Products */ = {
			isa = PBXGroup;
			children = (
				A894994319FE620B00327F12 /* WebViewSwift.app */,
				A894995819FE620B00327F12 /* WebViewSwiftTests.xctest */,
			);
			name = Products;
			sourceTree = "<group>";
		};
		A894994519FE620B00327F12 /* WebViewSwift */ = {
			isa = PBXGroup;
			children = (
				A894994819FE620B00327F12 /* AppDelegate.swift */,
				A894994A19FE620B00327F12 /* ViewController.swift */,
				A894994C19FE620B00327F12 /* Main.storyboard */,
				A894994F19FE620B00327F12 /* Images.xcassets */,
				A894995119FE620B00327F12 /* LaunchScreen.xib */,
				A894994619FE620B00327F12 /* Supporting Files */,
			);
			path = WebViewSwift;
			sourceTree = "<group>";
		};
		A894994619FE620B00327F12 /* Supporting Files */ = {
			isa = PBXGroup;
			children = (
				A894994719FE620B00327F12 /* Info.plist */,
			);
			name = "Supporting Files";
			sourceTree = "<group>";
		};
		A894995B19FE620B00327F12 /* WebViewSwiftTests */ = {
			isa = PBXGroup;
			children = (
				A894995E19FE620B00327F12 /* WebViewSwiftTests.swift */,
				A894995C19FE620B00327F12 /* Supporting Files */,
			);
			path = WebViewSwiftTests;
			sourceTree = "<group>";
		};
		A894995C19FE620B00327F12 /* Supporting Files */ = {
			isa = PBXGroup;
			children = (
				A894995D19FE620B00327F12 /* Info.plist */,
			);
			name = "Supporting Files";
			sourceTree = "<group>";
		};
/* End PBXGroup section */

/* Begin PBXNativeTarget section */
		A894994219FE620B00327F12 /* WebViewSwift */ = {
			isa = PBXNativeTarget;
			buildConfigurationList = A894996219FE620B00327F12 /* Build configuration list for PBXNativeTarget "WebViewSwift" */;
			buildPhases = (
				A894993F19FE620B00327F12 /* Sources */,
				A894994019FE620B00327F12 /* Frameworks */,
				A894994119FE620B00327F12 /* Resources */,
			);
			buildRules = (
			);
			dependencies = (
			);
			name = WebViewSwift;
			productName = WebViewSwift;
			productReference = A894994319FE620B00327F12 /* WebViewSwift.app */;
			productType = "com.apple.product-type.application";
		};
		A894995719FE620B00327F12 /* WebViewSwiftTests */ = {
			isa = PBXNativeTarget;
			buildConfigurationList = A894996519FE620B00327F12 /* Build configuration list for PBXNativeTarget "WebViewSwiftTests" */;
			buildPhases = (
				A894995419FE620B00327F12 /* Sources */,
				A894995519FE620B00327F12 /* Frameworks */,
				A894995619FE620B00327F12 /* Resources */,
			);
			buildRules = (
			);
			dependencies = (
				A894995A19FE620B00327F12 /* PBXTargetDependency */,
			);
			name = WebViewSwiftTests;
			productName = WebViewSwiftTests;
			productReference = A894995819FE620B00327F12 /* WebViewSwiftTests.xctest */;
			productType = "com.apple.product-type.bundle.unit-test";
		};
/* End PBXNativeTarget section */

/* Begin PBXProject section */
		A894993B19FE620B00327F12 /* Project object */ = {
			isa = PBXProject;
			attributes = {
				LastUpgradeCheck = 0600;
				ORGANIZATIONNAME = Paradigmcreatives;
				TargetAttributes = {
					A894994219FE620B00327F12 = {
						CreatedOnToolsVersion = 6.0;
					};
					A894995719FE620B00327F12 = {
						CreatedOnToolsVersion = 6.0;
						TestTargetID = A894994219FE620B00327F12;
					};
				};
			};
			buildConfigurationList = A894993E19FE620B00327F12 /* Build configuration list for PBXProject "WebViewSwift" */;
			compatibilityVersion = "Xcode 3.2";
			developmentRegion = English;
			hasScannedForEncodings = 0;
			knownRegions = (
				en,
				Base,
			);
			mainGroup = A894993A19FE620B00327F12;
			productRefGroup = A894994419FE620B00327F12 /* Products */;
			projectDirPath = "";
			projectRoot = "";
			targets = (
				A894994219FE620B00327F12 /* WebViewSwift */,
				A894995719FE620B00327F12 /* WebViewSwiftTests */,
			);
		};
/* End PBXProject section */

/* Begin PBXResourcesBuildPhase section */
		A894994119FE620B00327F12 /* Resources */ = {
			isa = PBXResourcesBuildPhase;
			buildActionMask = 2147483647;
			files = (
				A894994E19FE620B00327F12 /* Main.storyboard in Resources */,
				A894995319FE620B00327F12 /* LaunchScreen.xib in Resources */,
				A894995019FE620B00327F12 /* Images.xcassets in Resources */,
			);
			runOnlyForDeploymentPostprocessing = 0;
		};
		A894995619FE620B00327F12 /* Resources */ = {
			isa = PBXResourcesBuildPhase;
			buildActionMask = 2147483647;
			files = (
			);
			runOnlyForDeploymentPostprocessing = 0;
		};
/* End PBXResourcesBuildPhase section */

/* Begin PBXSourcesBuildPhase section */
		A894993F19FE620B00327F12 /* Sources */ = {
			isa = PBXSourcesBuildPhase;
			buildActionMask = 2147483647;
			files = (
				A894994B19FE620B00327F12 /* ViewController.swift in Sources */,
				A894994919FE620B00327F12 /* AppDelegate.swift in Sources */,
			);
			runOnlyForDeploymentPostprocessing = 0;
		};
		A894995419FE620B00327F12 /* Sources */ = {
			isa = PBXSourcesBuildPhase;
			buildActionMask = 2147483647;
			files = (
				A894995F19FE620B00327F12 /* WebViewSwiftTests.swift in Sources */,
			);
			runOnlyForDeploymentPostprocessing = 0;
		};
/* End PBXSourcesBuildPhase section */

/* Begin PBXTargetDependency section */
		A894995A19FE620B00327F12 /* PBXTargetDependency */ = {
			isa = PBXTargetDependency;
			target = A894994219FE620B00327F12 /* WebViewSwift */;
			targetProxy = A894995919FE620B00327F12 /* PBXContainerItemProxy */;
		};
/* End PBXTargetDependency section */

/* Begin PBXVariantGroup section */
		A894994C19FE620B00327F12 /* Main.storyboard */ = {
			isa = PBXVariantGroup;
			children = (
				A894994D19FE620B00327F12 /* Base */,
			);
			name = Main.storyboard;
			sourceTree = "<group>";
		};
		A894995119FE620B00327F12 /* LaunchScreen.xib */ = {
			isa = PBXVariantGroup;
			children = (
				A894995219FE620B00327F12 /* Base */,
			);
			name = LaunchScreen.xib;
			sourceTree = "<group>";
		};
/* End PBXVariantGroup section */

/* Begin XCBuildConfiguration section */
		A894996019FE620B00327F12 /* Debug */ = {
			isa = XCBuildConfiguration;
			buildSettings = {
				ALWAYS_SEARCH_USER_PATHS = NO;
				CLANG_CXX_LANGUAGE_STANDARD = "gnu++0x";
				CLANG_CXX_LIBRARY = "libc++";
				CLANG_ENABLE_MODULES = YES;
				CLANG_ENABLE_OBJC_ARC = YES;
				CLANG_WARN_BOOL_CONVERSION = YES;
				CLANG_WARN_CONSTANT_CONVERSION = YES;
				CLANG_WARN_DIRECT_OBJC_ISA_USAGE = YES_ERROR;
				CLANG_WARN_EMPTY_BODY = YES;
				CLANG_WARN_ENUM_CONVERSION = YES;
				CLANG_WARN_INT_CONVERSION = YES;
				CLANG_WARN_OBJC_ROOT_CLASS = YES_ERROR;
				CLANG_WARN_UNREACHABLE_CODE = YES;
				CLANG_WARN__DUPLICATE_METHOD_MATCH = YES;
				"CODE_SIGN_IDENTITY[sdk=iphoneos*]" = "iPhone Developer";
				COPY_PHASE_STRIP = NO;
				ENABLE_STRICT_OBJC_MSGSEND = YES;
				GCC_C_LANGUAGE_STANDARD = gnu99;
				GCC_DYNAMIC_NO_PIC = NO;
				GCC_OPTIMIZATION_LEVEL = 0;
				GCC_PREPROCESSOR_DEFINITIONS = (
					"DEBUG=1",
					"$(inherited)",
				);
				GCC_SYMBOLS_PRIVATE_EXTERN = NO;
				GCC_WARN_64_TO_32_BIT_CONVERSION = YES;
				GCC_WARN_ABOUT_RETURN_TYPE = YES_ERROR;
				GCC_WARN_UNDECLARED_SELECTOR = YES;
				GCC_WARN_UNINITIALIZED_AUTOS = YES_AGGRESSIVE;
				GCC_WARN_UNUSED_FUNCTION = YES;
				GCC_WARN_UNUSED_VARIABLE = YES;
				IPHONEOS_DEPLOYMENT_TARGET = 8.0;
				MTL_ENABLE_DEBUG_INFO = YES;
				ONLY_ACTIVE_ARCH = YES;
				SDKROOT = iphoneos;
				SWIFT_OPTIMIZATION_LEVEL = "-Onone";
				TARGETED_DEVICE_FAMILY = "1,2";
			};
			name = Debug;
		};
		A894996119FE620B00327F12 /* Release */ = {
			isa = XCBuildConfiguration;
			buildSettings = {
				ALWAYS_SEARCH_USER_PATHS = NO;
				CLANG_CXX_LANGUAGE_STANDARD = "gnu++0x";
				CLANG_CXX_LIBRARY = "libc++";
				CLANG_ENABLE_MODULES = YES;
				CLANG_ENABLE_OBJC_ARC = YES;
				CLANG_WARN_BOOL_CONVERSION = YES;
				CLANG_WARN_CONSTANT_CONVERSION = YES;
				CLANG_WARN_DIRECT_OBJC_ISA_USAGE = YES_ERROR;
				CLANG_WARN_EMPTY_BODY = YES;
				CLANG_WARN_ENUM_CONVERSION = YES;
				CLANG_WARN_INT_CONVERSION = YES;
				CLANG_WARN_OBJC_ROOT_CLASS = YES_ERROR;
				CLANG_WARN_UNREACHABLE_CODE = YES;
				CLANG_WARN__DUPLICATE_METHOD_MATCH = YES;
				"CODE_SIGN_IDENTITY[sdk=iphoneos*]" = "iPhone Developer";
				COPY_PHASE_STRIP = YES;
				ENABLE_NS_ASSERTIONS = NO;
				ENABLE_STRICT_OBJC_MSGSEND = YES;
				GCC_C_LANGUAGE_STANDARD = gnu99;
				GCC_WARN_64_TO_32_BIT_CONVERSION = YES;
				GCC_WARN_ABOUT_RETURN_TYPE = YES_ERROR;
				GCC_WARN_UNDECLARED_SELECTOR = YES;
				GCC_WARN_UNINITIALIZED_AUTOS = YES_AGGRESSIVE;
				GCC_WARN_UNUSED_FUNCTION = YES;
				GCC_WARN_UNUSED_VARIABLE = YES;
				IPHONEOS_DEPLOYMENT_TARGET = 8.0;
				MTL_ENABLE_DEBUG_INFO = NO;
				SDKROOT = iphoneos;
				TARGETED_DEVICE_FAMILY = "1,2";
				VALIDATE_PRODUCT = YES;
			};
			name = Release;
		};
		A894996319FE620B00327F12 /* Debug */ = {
			isa = XCBuildConfiguration;
			buildSettings = {
				ASSETCATALOG_COMPILER_APPICON_NAME = AppIcon;
				INFOPLIST_FILE = WebViewSwift/Info.plist;
				LD_RUNPATH_SEARCH_PATHS = "$(inherited) @executable_path/Frameworks";
				PRODUCT_NAME = "$(TARGET_NAME)";
			};
			name = Debug;
		};
		A894996419FE620B00327F12 /* Release */ = {
			isa = XCBuildConfiguration;
			buildSettings = {
				ASSETCATALOG_COMPILER_APPICON_NAME = AppIcon;
				INFOPLIST_FILE = WebViewSwift/Info.plist;
				LD_RUNPATH_SEARCH_PATHS = "$(inherited) @executable_path/Frameworks";
				PRODUCT_NAME = "$(TARGET_NAME)";
			};
			name = Release;
		};
		A894996619FE620B00327F12 /* Debug */ = {
			isa = XCBuildConfiguration;
			buildSettings = {
				BUNDLE_LOADER = "$(TEST_HOST)";
				FRAMEWORK_SEARCH_PATHS = (
					"$(SDKROOT)/Developer/Library/Frameworks",
					"$(inherited)",
				);
				GCC_PREPROCESSOR_DEFINITIONS = (
					"DEBUG=1",
					"$(inherited)",
				);
				INFOPLIST_FILE = WebViewSwiftTests/Info.plist;
				LD_RUNPATH_SEARCH_PATHS = "$(inherited) @executable_path/Frameworks @loader_path/Frameworks";
				PRODUCT_NAME = "$(TARGET_NAME)";
				TEST_HOST = "$(BUILT_PRODUCTS_DIR)/WebViewSwift.app/WebViewSwift";
			};
			name = Debug;
		};
		A894996719FE620B00327F12 /* Release */ = {
			isa = XCBuildConfiguration;
			buildSettings = {
				BUNDLE_LOADER = "$(TEST_HOST)";
				FRAMEWORK_SEARCH_PATHS = (
					"$(SDKROOT)/Developer/Library/Frameworks",
					"$(inherited)",
				);
				INFOPLIST_FILE = WebViewSwiftTests/Info.plist;
				LD_RUNPATH_SEARCH_PATHS = "$(inherited) @executable_path/Frameworks @loader_path/Frameworks";
				PRODUCT_NAME = "$(TARGET_NAME)";
				TEST_HOST = "$(BUILT_PRODUCTS_DIR)/WebViewSwift.app/WebViewSwift";
			};
			name = Release;
		};
/* End XCBuildConfiguration section */

/* Begin XCConfigurationList section */
		A894993E19FE620B00327F12 /* Build configuration list for PBXProject "WebViewSwift" */ = {
			isa = XCConfigurationList;
			buildConfigurations = (
				A894996019FE620B00327F12 /* Debug */,
				A894996119FE620B00327F12 /* Release */,
			);
			defaultConfigurationIsVisible = 0;
			defaultConfigurationName = Release;
		};
		A894996219FE620B00327F12 /* Build configuration list for PBXNativeTarget "WebViewSwift" */ = {
			isa = XCConfigurationList;
			buildConfigurations = (
				A894996319FE620B00327F12 /* Debug */,
				A894996419FE620B00327F12 /* Release */,
			);
			defaultConfigurationIsVisible = 0;
		};
		A894996519FE620B00327F12 /* Build configuration list for PBXNativeTarget "WebViewSwiftTests" */ = {
			isa = XCConfigurationList;
			buildConfigurations = (
				A894996619FE620B00327F12 /* Debug */,
				A894996719FE620B00327F12 /* Release */,
			);
			defaultConfigurationIsVisible = 0;
		};
/* End XCConfigurationList section */
	};
	rootObject = A894993B19FE620B00327F12 /* Project object */;
}
